
Microsoft Visual Studio Solution File, Format Version 12.00
# Visual Studio Version 16
VisualStudioVersion = 16.0.30907.101
MinimumVisualStudioVersion = 10.0.40219.1
Project("{FAE04EC0-301F-11D3-BF4B-00C04F79EFBC}") = "BlazorApplication", "BlazorApplication\BlazorApplication.csproj", "{73F2D0DA-5AB1-4DA6-AA25-AC135EF30549}"
EndProject
Project("{FAE04EC0-301F-11D3-BF4B-00C04F79EFBC}") = "BlazorWebAssembly", "BlazorWebAssembly\BlazorWebAssembly.csproj", "{D918BA55-5363-4F55-8A79-88DDA69B5DE9}"
EndProject
Global
	GlobalSection(SolutionConfigurationPlatforms) = preSolution
		Debug|Any CPU = Debug|Any CPU
		Release|Any CPU = Release|Any CPU
	EndGlobalSection
	GlobalSection(ProjectConfigurationPlatforms) = postSolution
		{73F2D0DA-5AB1-4DA6-AA25-AC135EF30549}.Debug|Any CPU.ActiveCfg = Debug|Any CPU
		{73F2D0DA-5AB1-4DA6-AA25-AC135EF30549}.Debug|Any CPU.Build.0 = Debug|Any CPU
		{73F2D0DA-5AB1-4DA6-AA25-AC135EF30549}.Release|Any CPU.ActiveCfg = Release|Any CPU
		{73F2D0DA-5AB1-4DA6-AA25-AC135EF30549}.Release|Any CPU.Build.0 = Release|Any CPU
		{D918BA55-5363-4F55-8A79-88DDA69B5DE9}.Debug|Any CPU.ActiveCfg = Debug|Any CPU
		{D918BA55-5363-4F55-8A79-88DDA69B5DE9}.Debug|Any CPU.Build.0 = Debug|Any CPU
		{D918BA55-5363-4F55-8A79-88DDA69B5DE9}.Release|Any CPU.ActiveCfg = Release|Any CPU
		{D918BA55-5363-4F55-8A79-88DDA69B5DE9}.Release|Any CPU.Build.0 = Release|Any CPU
	EndGlobalSection
	GlobalSection(SolutionProperties) = preSolution
		HideSolutionNode = FALSE
	EndGlobalSection
	GlobalSection(ExtensibilityGlobals) = postSolution
		SolutionGuid = {C9A06974-B689-48DF-9E9E-31D0CFBF7A37}
	EndGlobalSection
EndGlobal
